schema: '2.0'
stages:
  data_ingestion:
    cmd: python src/data/data_ingestion.py
    deps:
    - path: src/data/data_ingestion.py
      hash: md5
      md5: ee08a4c31ae467cebbcce70b5cc5491a
      size: 3545
    params:
      params.yaml:
        data_ingestion.test_size: 0.3
    outs:
    - path: data/raw
      hash: md5
      md5: 03b3b604b1f92a17191a7fc947e576d6.dir
      size: 827973
      nfiles: 2
  data_preprocessing:
    cmd: python src/data/data_preprocessing.py
    deps:
    - path: data/raw
      hash: md5
      md5: 03b3b604b1f92a17191a7fc947e576d6.dir
      size: 827973
      nfiles: 2
    - path: src/data/data_preprocessing.py
      hash: md5
      md5: c1e18bf95fcc1e3d80cae9ee7c4a6383
      size: 4014
    outs:
    - path: data/interim
      hash: md5
      md5: 5dc0cd6aef8578eb36f1b67dc4d67723.dir
      size: 566210
      nfiles: 2
  feature_engineering:
    cmd: python src/features/feature_engineering.py
    deps:
    - path: data/interim
      hash: md5
      md5: 5dc0cd6aef8578eb36f1b67dc4d67723.dir
      size: 566210
      nfiles: 2
    - path: src/features/feature_engineering.py
      hash: md5
      md5: c1888aef256c204017522c2ce5fd36a0
      size: 3883
    params:
      params.yaml:
        feature_engineering.max_features: 5010
    outs:
    - path: data/processed
      hash: md5
      md5: bebe5ecb4ab3eef9a2f241d01fd5880b.dir
      size: 104026496
      nfiles: 2
    - path: models/vectorizer.pkl
      hash: md5
      md5: 20880aa3e2ea6bc6d2954c7e2c8d96e8
      size: 141098
  model_building:
    cmd: python src/model/model_building.py
    deps:
    - path: data/processed
      hash: md5
      md5: bebe5ecb4ab3eef9a2f241d01fd5880b.dir
      size: 104026496
      nfiles: 2
    - path: src/model/model_building.py
      hash: md5
      md5: 809681a98d52938b43c9befd0b00a422
      size: 2373
    outs:
    - path: models/model.pkl
      hash: md5
      md5: d86c3c061ac0ea6a9adf28c6d2acc228
      size: 40797
  model_evaluation:
    cmd: python src/model/model_evaluation.py
    deps:
    - path: models/model.pkl
      hash: md5
      md5: d86c3c061ac0ea6a9adf28c6d2acc228
      size: 40797
    - path: src/model/model_evaluation.py
      hash: md5
      md5: 28724efa52015e99f17601f52b53dbdd
      size: 6862
    outs:
    - path: reports/experiment_info.json
      hash: md5
      md5: ef5991b6891ee4b85c57377b4bade0c1
      size: 82
    - path: reports/metrics.json
      hash: md5
      md5: a68e497e0c547ef1d03dfc63a7ef4741
      size: 144
